
Microsoft Visual Studio Solution File, Format Version 12.00
# Visual Studio Version 17
VisualStudioVersion = 17.7.34003.232
MinimumVisualStudioVersion = 10.0.40219.1
Project("{9A19103F-16F7-4668-BE54-9A1E7A4F7556}") = "HB.MVCAPP2", "HB.MVCAPP2\HB.MVCAPP2.csproj", "{502972F7-79D7-43B1-99AD-F15F6291DF9A}"
EndProject
Project("{FAE04EC0-301F-11D3-BF4B-00C04F79EFBC}") = "Hb.ÖğrenciOtomasyon", "Hb.ÖğrenciOtomasyon\Hb.ÖğrenciOtomasyon.csproj", "{5668B955-9DEA-4845-9E0A-AA9ECEE05699}"
EndProject
Global
	GlobalSection(SolutionConfigurationPlatforms) = preSolution
		Debug|Any CPU = Debug|Any CPU
		Release|Any CPU = Release|Any CPU
	EndGlobalSection
	GlobalSection(ProjectConfigurationPlatforms) = postSolution
		{502972F7-79D7-43B1-99AD-F15F6291DF9A}.Debug|Any CPU.ActiveCfg = Debug|Any CPU
		{502972F7-79D7-43B1-99AD-F15F6291DF9A}.Debug|Any CPU.Build.0 = Debug|Any CPU
		{502972F7-79D7-43B1-99AD-F15F6291DF9A}.Release|Any CPU.ActiveCfg = Release|Any CPU
		{502972F7-79D7-43B1-99AD-F15F6291DF9A}.Release|Any CPU.Build.0 = Release|Any CPU
		{5668B955-9DEA-4845-9E0A-AA9ECEE05699}.Debug|Any CPU.ActiveCfg = Debug|Any CPU
		{5668B955-9DEA-4845-9E0A-AA9ECEE05699}.Debug|Any CPU.Build.0 = Debug|Any CPU
		{5668B955-9DEA-4845-9E0A-AA9ECEE05699}.Release|Any CPU.ActiveCfg = Release|Any CPU
		{5668B955-9DEA-4845-9E0A-AA9ECEE05699}.Release|Any CPU.Build.0 = Release|Any CPU
	EndGlobalSection
	GlobalSection(SolutionProperties) = preSolution
		HideSolutionNode = FALSE
	EndGlobalSection
	GlobalSection(ExtensibilityGlobals) = postSolution
		SolutionGuid = {979D983F-88F1-4F0D-B0DF-CF17BD270F55}
	EndGlobalSection
EndGlobal
